
Microsoft Visual Studio Solution File, Format Version 12.00
# Visual Studio Version 16
VisualStudioVersion = 16.0.30406.217
MinimumVisualStudioVersion = 10.0.40219.1
Project("{9A19103F-16F7-4668-BE54-9A1E7A4F7556}") = "XUnitTestProject1", "XUnitTestProject1\XUnitTestProject1.csproj", "{04E8466E-A46E-44A3-969C-32F11D56094E}"
EndProject
Project("{9A19103F-16F7-4668-BE54-9A1E7A4F7556}") = "ClassLibrary1", "ClassLibrary1\ClassLibrary1.csproj", "{6A99DBAC-3411-4A99-9F1C-7B727EB1343F}"
EndProject
Global
	GlobalSection(SolutionConfigurationPlatforms) = preSolution
		Debug|Any CPU = Debug|Any CPU
		Release|Any CPU = Release|Any CPU
	EndGlobalSection
	GlobalSection(ProjectConfigurationPlatforms) = postSolution
		{04E8466E-A46E-44A3-969C-32F11D56094E}.Debug|Any CPU.ActiveCfg = Debug|Any CPU
		{04E8466E-A46E-44A3-969C-32F11D56094E}.Debug|Any CPU.Build.0 = Debug|Any CPU
		{04E8466E-A46E-44A3-969C-32F11D56094E}.Release|Any CPU.ActiveCfg = Release|Any CPU
		{04E8466E-A46E-44A3-969C-32F11D56094E}.Release|Any CPU.Build.0 = Release|Any CPU
		{6A99DBAC-3411-4A99-9F1C-7B727EB1343F}.Debug|Any CPU.ActiveCfg = Debug|Any CPU
		{6A99DBAC-3411-4A99-9F1C-7B727EB1343F}.Debug|Any CPU.Build.0 = Debug|Any CPU
		{6A99DBAC-3411-4A99-9F1C-7B727EB1343F}.Release|Any CPU.ActiveCfg = Release|Any CPU
		{6A99DBAC-3411-4A99-9F1C-7B727EB1343F}.Release|Any CPU.Build.0 = Release|Any CPU
	EndGlobalSection
	GlobalSection(SolutionProperties) = preSolution
		HideSolutionNode = FALSE
	EndGlobalSection
	GlobalSection(ExtensibilityGlobals) = postSolution
		SolutionGuid = {66839155-7960-4F61-96F9-73BD31DCCA12}
	EndGlobalSection
EndGlobal
