
Microsoft Visual Studio Solution File, Format Version 12.00
# Visual Studio Version 16
VisualStudioVersion = 16.0.30413.136
MinimumVisualStudioVersion = 10.0.40219.1
Project("{FAE04EC0-301F-11D3-BF4B-00C04F79EFBC}") = "WebApplication1", "WebApplication1\WebApplication1.csproj", "{806F6ABB-E3A1-4DEB-95D7-276DC8F57C2B}"
EndProject
Global
	GlobalSection(SolutionConfigurationPlatforms) = preSolution
		Debug|Any CPU = Debug|Any CPU
		Release|Any CPU = Release|Any CPU
	EndGlobalSection
	GlobalSection(ProjectConfigurationPlatforms) = postSolution
		{806F6ABB-E3A1-4DEB-95D7-276DC8F57C2B}.Debug|Any CPU.ActiveCfg = Debug|Any CPU
		{806F6ABB-E3A1-4DEB-95D7-276DC8F57C2B}.Debug|Any CPU.Build.0 = Debug|Any CPU
		{806F6ABB-E3A1-4DEB-95D7-276DC8F57C2B}.Release|Any CPU.ActiveCfg = Release|Any CPU
		{806F6ABB-E3A1-4DEB-95D7-276DC8F57C2B}.Release|Any CPU.Build.0 = Release|Any CPU
	EndGlobalSection
	GlobalSection(SolutionProperties) = preSolution
		HideSolutionNode = FALSE
	EndGlobalSection
	GlobalSection(ExtensibilityGlobals) = postSolution
		SolutionGuid = {8C2674B5-A61E-4ECC-833D-2B75E55E8B05}
	EndGlobalSection
EndGlobal
